
Microsoft Visual Studio Solution File, Format Version 12.00
# Visual Studio Version 17
VisualStudioVersion = 17.5.33530.505
MinimumVisualStudioVersion = 10.0.40219.1
Project("{00D1A9C2-B5F0-4AF3-8072-F6C62B433612}") = "TestR", "TestR\TestR.sqlproj", "{003D58FE-E08F-4582-8D64-E2604B4AC9FB}"
EndProject
Project("{FAE04EC0-301F-11D3-BF4B-00C04F79EFBC}") = "TestLibrary", "TestLibrary\TestLibrary.csproj", "{24668D07-2315-4E6F-B31B-1CBC737782DA}"
EndProject
Global
	GlobalSection(SolutionConfigurationPlatforms) = preSolution
		Debug|Any CPU = Debug|Any CPU
		Release|Any CPU = Release|Any CPU
	EndGlobalSection
	GlobalSection(ProjectConfigurationPlatforms) = postSolution
		{003D58FE-E08F-4582-8D64-E2604B4AC9FB}.Debug|Any CPU.ActiveCfg = Debug|Any CPU
		{003D58FE-E08F-4582-8D64-E2604B4AC9FB}.Debug|Any CPU.Build.0 = Debug|Any CPU
		{003D58FE-E08F-4582-8D64-E2604B4AC9FB}.Debug|Any CPU.Deploy.0 = Debug|Any CPU
		{003D58FE-E08F-4582-8D64-E2604B4AC9FB}.Release|Any CPU.ActiveCfg = Release|Any CPU
		{003D58FE-E08F-4582-8D64-E2604B4AC9FB}.Release|Any CPU.Build.0 = Release|Any CPU
		{003D58FE-E08F-4582-8D64-E2604B4AC9FB}.Release|Any CPU.Deploy.0 = Release|Any CPU
		{24668D07-2315-4E6F-B31B-1CBC737782DA}.Debug|Any CPU.ActiveCfg = Debug|Any CPU
		{24668D07-2315-4E6F-B31B-1CBC737782DA}.Debug|Any CPU.Build.0 = Debug|Any CPU
		{24668D07-2315-4E6F-B31B-1CBC737782DA}.Release|Any CPU.ActiveCfg = Release|Any CPU
		{24668D07-2315-4E6F-B31B-1CBC737782DA}.Release|Any CPU.Build.0 = Release|Any CPU
	EndGlobalSection
	GlobalSection(SolutionProperties) = preSolution
		HideSolutionNode = FALSE
	EndGlobalSection
	GlobalSection(ExtensibilityGlobals) = postSolution
		SolutionGuid = {87D8A391-5467-4EB0-B591-CC45741FFE90}
	EndGlobalSection
EndGlobal
